
Microsoft Visual Studio Solution File, Format Version 12.00
# Visual Studio 15
VisualStudioVersion = 15.0.27130.2020
MinimumVisualStudioVersion = 10.0.40219.1
Project("{FAE04EC0-301F-11D3-BF4B-00C04F79EFBC}") = "Midterm-Project-for-Group", "Midterm-Project-for-Group\Midterm-Project-for-Group.csproj", "{5C0177A5-6CD8-4F5B-9681-86B5522BDA51}"
EndProject
Global
	GlobalSection(SolutionConfigurationPlatforms) = preSolution
		Debug|Any CPU = Debug|Any CPU
		Release|Any CPU = Release|Any CPU
	EndGlobalSection
	GlobalSection(ProjectConfigurationPlatforms) = postSolution
		{5C0177A5-6CD8-4F5B-9681-86B5522BDA51}.Debug|Any CPU.ActiveCfg = Debug|Any CPU
		{5C0177A5-6CD8-4F5B-9681-86B5522BDA51}.Debug|Any CPU.Build.0 = Debug|Any CPU
		{5C0177A5-6CD8-4F5B-9681-86B5522BDA51}.Release|Any CPU.ActiveCfg = Release|Any CPU
		{5C0177A5-6CD8-4F5B-9681-86B5522BDA51}.Release|Any CPU.Build.0 = Release|Any CPU
	EndGlobalSection
	GlobalSection(SolutionProperties) = preSolution
		HideSolutionNode = FALSE
	EndGlobalSection
	GlobalSection(ExtensibilityGlobals) = postSolution
		SolutionGuid = {77E4FBDB-FADA-42BE-AB78-0B7876D5CE7C}
	EndGlobalSection
EndGlobal
